// !$*UTF8*$!
{
	archiveVersion = 1;
	classes = {
	};
	objectVersion = 46;
	objects = {

/* Begin PBXBuildFile section */
		DDD0B4D41674CBC0004D42D0 /* UIKit.framework in Frameworks */ = {isa = PBXBuildFile; fileRef = DDD0B4D31674CBC0004D42D0 /* UIKit.framework */; };
		DDD0B4D61674CBC0004D42D0 /* Foundation.framework in Frameworks */ = {isa = PBXBuildFile; fileRef = DDD0B4D51674CBC0004D42D0 /* Foundation.framework */; };
		DDD0B4D81674CBC0004D42D0 /* CoreGraphics.framework in Frameworks */ = {isa = PBXBuildFile; fileRef = DDD0B4D71674CBC0004D42D0 /* CoreGraphics.framework */; };
		DDD0B4DE1674CBC0004D42D0 /* InfoPlist.strings in Resources */ = {isa = PBXBuildFile; fileRef = DDD0B4DC1674CBC0004D42D0 /* InfoPlist.strings */; };
		DDD0B4E01674CBC0004D42D0 /* main.m in Sources */ = {isa = PBXBuildFile; fileRef = DDD0B4DF1674CBC0004D42D0 /* main.m */; };
		DDD0B4E41674CBC0004D42D0 /* HFRAppDelegate.m in Sources */ = {isa = PBXBuildFile; fileRef = DDD0B4E31674CBC0004D42D0 /* HFRAppDelegate.m */; };
		DDD0B4E61674CBC0004D42D0 /* Default.png in Resources */ = {isa = PBXBuildFile; fileRef = DDD0B4E51674CBC0004D42D0 /* Default.png */; };
		DDD0B4E81674CBC0004D42D0 /* Default@2x.png in Resources */ = {isa = PBXBuildFile; fileRef = DDD0B4E71674CBC0004D42D0 /* Default@2x.png */; };
		DDD0B4EA1674CBC0004D42D0 /* Default-568h@2x.png in Resources */ = {isa = PBXBuildFile; fileRef = DDD0B4E91674CBC0004D42D0 /* Default-568h@2x.png */; };
		DDD0B4ED1674CBC0004D42D0 /* HFRViewController.m in Sources */ = {isa = PBXBuildFile; fileRef = DDD0B4EC1674CBC0004D42D0 /* HFRViewController.m */; };
		DDD0B4F01674CBC0004D42D0 /* HFRViewController.xib in Resources */ = {isa = PBXBuildFile; fileRef = DDD0B4EE1674CBC0004D42D0 /* HFRViewController.xib */; };
/* End PBXBuildFile section */

/* Begin PBXFileReference section */
		DDD0B4D01674CBC0004D42D0 /* RythmTap.app */ = {isa = PBXFileReference; explicitFileType = wrapper.application; includeInIndex = 0; path = RythmTap.app; sourceTree = BUILT_PRODUCTS_DIR; };
		DDD0B4D31674CBC0004D42D0 /* UIKit.framework */ = {isa = PBXFileReference; lastKnownFileType = wrapper.framework; name = UIKit.framework; path = System/Library/Frameworks/UIKit.framework; sourceTree = SDKROOT; };
		DDD0B4D51674CBC0004D42D0 /* Foundation.framework */ = {isa = PBXFileReference; lastKnownFileType = wrapper.framework; name = Foundation.framework; path = System/Library/Frameworks/Foundation.framework; sourceTree = SDKROOT; };
		DDD0B4D71674CBC0004D42D0 /* CoreGraphics.framework */ = {isa = PBXFileReference; lastKnownFileType = wrapper.framework; name = CoreGraphics.framework; path = System/Library/Frameworks/CoreGraphics.framework; sourceTree = SDKROOT; };
		DDD0B4DB1674CBC0004D42D0 /* RythmTap-Info.plist */ = {isa = PBXFileReference; lastKnownFileType = text.plist.xml; path = "RythmTap-Info.plist"; sourceTree = "<group>"; };
		DDD0B4DD1674CBC0004D42D0 /* en */ = {isa = PBXFileReference; lastKnownFileType = text.plist.strings; name = en; path = en.lproj/InfoPlist.strings; sourceTree = "<group>"; };
		DDD0B4DF1674CBC0004D42D0 /* main.m */ = {isa = PBXFileReference; lastKnownFileType = sourcecode.c.objc; path = main.m; sourceTree = "<group>"; };
		DDD0B4E11674CBC0004D42D0 /* RythmTap-Prefix.pch */ = {isa = PBXFileReference; lastKnownFileType = sourcecode.c.h; path = "RythmTap-Prefix.pch"; sourceTree = "<group>"; };
		DDD0B4E21674CBC0004D42D0 /* HFRAppDelegate.h */ = {isa = PBXFileReference; lastKnownFileType = sourcecode.c.h; path = HFRAppDelegate.h; sourceTree = "<group>"; };
		DDD0B4E31674CBC0004D42D0 /* HFRAppDelegate.m */ = {isa = PBXFileReference; lastKnownFileType = sourcecode.c.objc; path = HFRAppDelegate.m; sourceTree = "<group>"; };
		DDD0B4E51674CBC0004D42D0 /* Default.png */ = {isa = PBXFileReference; lastKnownFileType = image.png; path = Default.png; sourceTree = "<group>"; };
		DDD0B4E71674CBC0004D42D0 /* Default@2x.png */ = {isa = PBXFileReference; lastKnownFileType = image.png; path = "Default@2x.png"; sourceTree = "<group>"; };
		DDD0B4E91674CBC0004D42D0 /* Default-568h@2x.png */ = {isa = PBXFileReference; lastKnownFileType = image.png; path = "Default-568h@2x.png"; sourceTree = "<group>"; };
		DDD0B4EB1674CBC0004D42D0 /* HFRViewController.h */ = {isa = PBXFileReference; lastKnownFileType = sourcecode.c.h; path = HFRViewController.h; sourceTree = "<group>"; };
		DDD0B4EC1674CBC0004D42D0 /* HFRViewController.m */ = {isa = PBXFileReference; lastKnownFileType = sourcecode.c.objc; path = HFRViewController.m; sourceTree = "<group>"; };
		DDD0B4EF1674CBC0004D42D0 /* en */ = {isa = PBXFileReference; lastKnownFileType = file.xib; name = en; path = en.lproj/HFRViewController.xib; sourceTree = "<group>"; };
/* End PBXFileReference section */

/* Begin PBXFrameworksBuildPhase section */
		DDD0B4CD1674CBC0004D42D0 /* Frameworks */ = {
			isa = PBXFrameworksBuildPhase;
			buildActionMask = 2147483647;
			files = (
				DDD0B4D41674CBC0004D42D0 /* UIKit.framework in Frameworks */,
				DDD0B4D61674CBC0004D42D0 /* Foundation.framework in Frameworks */,
				DDD0B4D81674CBC0004D42D0 /* CoreGraphics.framework in Frameworks */,
			);
			runOnlyForDeploymentPostprocessing = 0;
		};
/* End PBXFrameworksBuildPhase section */

/* Begin PBXGroup section */
		DDD0B4C71674CBC0004D42D0 = {
			isa = PBXGroup;
			children = (
				DDD0B4D91674CBC0004D42D0 /* RythmTap */,
				DDD0B4D21674CBC0004D42D0 /* Frameworks */,
				DDD0B4D11674CBC0004D42D0 /* Products */,
			);
			sourceTree = "<group>";
		};
		DDD0B4D11674CBC0004D42D0 /* Products */ = {
			isa = PBXGroup;
			children = (
				DDD0B4D01674CBC0004D42D0 /* RythmTap.app */,
			);
			name = Products;
			sourceTree = "<group>";
		};
		DDD0B4D21674CBC0004D42D0 /* Frameworks */ = {
			isa = PBXGroup;
			children = (
				DDD0B4D31674CBC0004D42D0 /* UIKit.framework */,
				DDD0B4D51674CBC0004D42D0 /* Foundation.framework */,
				DDD0B4D71674CBC0004D42D0 /* CoreGraphics.framework */,
			);
			name = Frameworks;
			sourceTree = "<group>";
		};
		DDD0B4D91674CBC0004D42D0 /* RythmTap */ = {
			isa = PBXGroup;
			children = (
				DDD0B4E21674CBC0004D42D0 /* HFRAppDelegate.h */,
				DDD0B4E31674CBC0004D42D0 /* HFRAppDelegate.m */,
				DDD0B4EB1674CBC0004D42D0 /* HFRViewController.h */,
				DDD0B4EC1674CBC0004D42D0 /* HFRViewController.m */,
				DDD0B4EE1674CBC0004D42D0 /* HFRViewController.xib */,
				DDD0B4DA1674CBC0004D42D0 /* Supporting Files */,
			);
			path = RythmTap;
			sourceTree = "<group>";
		};
		DDD0B4DA1674CBC0004D42D0 /* Supporting Files */ = {
			isa = PBXGroup;
			children = (
				DDD0B4DB1674CBC0004D42D0 /* RythmTap-Info.plist */,
				DDD0B4DC1674CBC0004D42D0 /* InfoPlist.strings */,
				DDD0B4DF1674CBC0004D42D0 /* main.m */,
				DDD0B4E11674CBC0004D42D0 /* RythmTap-Prefix.pch */,
				DDD0B4E51674CBC0004D42D0 /* Default.png */,
				DDD0B4E71674CBC0004D42D0 /* Default@2x.png */,
				DDD0B4E91674CBC0004D42D0 /* Default-568h@2x.png */,
			);
			name = "Supporting Files";
			sourceTree = "<group>";
		};
/* End PBXGroup section */

/* Begin PBXNativeTarget section */
		DDD0B4CF1674CBC0004D42D0 /* RythmTap */ = {
			isa = PBXNativeTarget;
			buildConfigurationList = DDD0B4F31674CBC0004D42D0 /* Build configuration list for PBXNativeTarget "RythmTap" */;
			buildPhases = (
				DDD0B4CC1674CBC0004D42D0 /* Sources */,
				DDD0B4CD1674CBC0004D42D0 /* Frameworks */,
				DDD0B4CE1674CBC0004D42D0 /* Resources */,
			);
			buildRules = (
			);
			dependencies = (
			);
			name = RythmTap;
			productName = RythmTap;
			productReference = DDD0B4D01674CBC0004D42D0 /* RythmTap.app */;
			productType = "com.apple.product-type.application";
		};
/* End PBXNativeTarget section */

/* Begin PBXProject section */
		DDD0B4C81674CBC0004D42D0 /* Project object */ = {
			isa = PBXProject;
			attributes = {
				CLASSPREFIX = HFR;
				LastUpgradeCheck = 0460;
				ORGANIZATIONNAME = "Holger Frohloff";
			};
			buildConfigurationList = DDD0B4CB1674CBC0004D42D0 /* Build configuration list for PBXProject "RythmTap" */;
			compatibilityVersion = "Xcode 3.2";
			developmentRegion = English;
			hasScannedForEncodings = 0;
			knownRegions = (
				en,
			);
			mainGroup = DDD0B4C71674CBC0004D42D0;
			productRefGroup = DDD0B4D11674CBC0004D42D0 /* Products */;
			projectDirPath = "";
			projectRoot = "";
			targets = (
				DDD0B4CF1674CBC0004D42D0 /* RythmTap */,
			);
		};
/* End PBXProject section */

/* Begin PBXResourcesBuildPhase section */
		DDD0B4CE1674CBC0004D42D0 /* Resources */ = {
			isa = PBXResourcesBuildPhase;
			buildActionMask = 2147483647;
			files = (
				DDD0B4DE1674CBC0004D42D0 /* InfoPlist.strings in Resources */,
				DDD0B4E61674CBC0004D42D0 /* Default.png in Resources */,
				DDD0B4E81674CBC0004D42D0 /* Default@2x.png in Resources */,
				DDD0B4EA1674CBC0004D42D0 /* Default-568h@2x.png in Resources */,
				DDD0B4F01674CBC0004D42D0 /* HFRViewController.xib in Resources */,
			);
			runOnlyForDeploymentPostprocessing = 0;
		};
/* End PBXResourcesBuildPhase section */

/* Begin PBXSourcesBuildPhase section */
		DDD0B4CC1674CBC0004D42D0 /* Sources */ = {
			isa = PBXSourcesBuildPhase;
			buildActionMask = 2147483647;
			files = (
				DDD0B4E01674CBC0004D42D0 /* main.m in Sources */,
				DDD0B4E41674CBC0004D42D0 /* HFRAppDelegate.m in Sources */,
				DDD0B4ED1674CBC0004D42D0 /* HFRViewController.m in Sources */,
			);
			runOnlyForDeploymentPostprocessing = 0;
		};
/* End PBXSourcesBuildPhase section */

/* Begin PBXVariantGroup section */
		DDD0B4DC1674CBC0004D42D0 /* InfoPlist.strings */ = {
			isa = PBXVariantGroup;
			children = (
				DDD0B4DD1674CBC0004D42D0 /* en */,
			);
			name = InfoPlist.strings;
			sourceTree = "<group>";
		};
		DDD0B4EE1674CBC0004D42D0 /* HFRViewController.xib */ = {
			isa = PBXVariantGroup;
			children = (
				DDD0B4EF1674CBC0004D42D0 /* en */,
			);
			name = HFRViewController.xib;
			sourceTree = "<group>";
		};
/* End PBXVariantGroup section */

/* Begin XCBuildConfiguration section */
		DDD0B4F11674CBC0004D42D0 /* Debug */ = {
			isa = XCBuildConfiguration;
			buildSettings = {
				ALWAYS_SEARCH_USER_PATHS = NO;
				CLANG_CXX_LANGUAGE_STANDARD = "gnu++0x";
				CLANG_CXX_LIBRARY = "libc++";
				CLANG_ENABLE_OBJC_ARC = YES;
				CLANG_WARN_CONSTANT_CONVERSION = YES;
				CLANG_WARN_DEPRECATED_OBJC_IMPLEMENTATIONS = YES;
				CLANG_WARN_EMPTY_BODY = YES;
				CLANG_WARN_INT_CONVERSION = YES;
				CLANG_WARN__DUPLICATE_METHOD_MATCH = YES;
				"CODE_SIGN_IDENTITY[sdk=iphoneos*]" = "iPhone Developer";
				COPY_PHASE_STRIP = NO;
				GCC_C_LANGUAGE_STANDARD = gnu99;
				GCC_DYNAMIC_NO_PIC = NO;
				GCC_OPTIMIZATION_LEVEL = 0;
				GCC_PREPROCESSOR_DEFINITIONS = (
					"DEBUG=1",
					"$(inherited)",
				);
				GCC_STRICT_ALIASING = YES;
				GCC_SYMBOLS_PRIVATE_EXTERN = NO;
				GCC_WARN_ABOUT_RETURN_TYPE = YES;
				GCC_WARN_UNINITIALIZED_AUTOS = YES;
				GCC_WARN_UNUSED_VARIABLE = YES;
				IPHONEOS_DEPLOYMENT_TARGET = 6.1;
				ONLY_ACTIVE_ARCH = YES;
				SDKROOT = iphoneos;
			};
			name = Debug;
		};
		DDD0B4F21674CBC0004D42D0 /* Release */ = {
			isa = XCBuildConfiguration;
			buildSettings = {
				ALWAYS_SEARCH_USER_PATHS = NO;
				CLANG_CXX_LANGUAGE_STANDARD = "gnu++0x";
				CLANG_CXX_LIBRARY = "libc++";
				CLANG_ENABLE_OBJC_ARC = YES;
				CLANG_WARN_CONSTANT_CONVERSION = YES;
				CLANG_WARN_DEPRECATED_OBJC_IMPLEMENTATIONS = YES;
				CLANG_WARN_EMPTY_BODY = YES;
				CLANG_WARN_INT_CONVERSION = YES;
				CLANG_WARN__DUPLICATE_METHOD_MATCH = YES;
				"CODE_SIGN_IDENTITY[sdk=iphoneos*]" = "iPhone Developer";
				COPY_PHASE_STRIP = YES;
				GCC_C_LANGUAGE_STANDARD = gnu99;
				GCC_STRICT_ALIASING = YES;
				GCC_WARN_ABOUT_RETURN_TYPE = YES;
				GCC_WARN_UNINITIALIZED_AUTOS = YES;
				GCC_WARN_UNUSED_VARIABLE = YES;
				IPHONEOS_DEPLOYMENT_TARGET = 6.1;
				OTHER_CFLAGS = "-DNS_BLOCK_ASSERTIONS=1";
				SDKROOT = iphoneos;
				VALIDATE_PRODUCT = YES;
			};
			name = Release;
		};
		DDD0B4F41674CBC0004D42D0 /* Debug */ = {
			isa = XCBuildConfiguration;
			buildSettings = {
				GCC_PRECOMPILE_PREFIX_HEADER = YES;
				GCC_PREFIX_HEADER = "RythmTap/RythmTap-Prefix.pch";
				INFOPLIST_FILE = "RythmTap/RythmTap-Info.plist";
				PRODUCT_NAME = "$(TARGET_NAME)";
				WRAPPER_EXTENSION = app;
			};
			name = Debug;
		};
		DDD0B4F51674CBC0004D42D0 /* Release */ = {
			isa = XCBuildConfiguration;
			buildSettings = {
				GCC_PRECOMPILE_PREFIX_HEADER = YES;
				GCC_PREFIX_HEADER = "RythmTap/RythmTap-Prefix.pch";
				INFOPLIST_FILE = "RythmTap/RythmTap-Info.plist";
				PRODUCT_NAME = "$(TARGET_NAME)";
				WRAPPER_EXTENSION = app;
			};
			name = Release;
		};
/* End XCBuildConfiguration section */

/* Begin XCConfigurationList section */
		DDD0B4CB1674CBC0004D42D0 /* Build configuration list for PBXProject "RythmTap" */ = {
			isa = XCConfigurationList;
			buildConfigurations = (
				DDD0B4F11674CBC0004D42D0 /* Debug */,
				DDD0B4F21674CBC0004D42D0 /* Release */,
			);
			defaultConfigurationIsVisible = 0;
			defaultConfigurationName = Release;
		};
		DDD0B4F31674CBC0004D42D0 /* Build configuration list for PBXNativeTarget "RythmTap" */ = {
			isa = XCConfigurationList;
			buildConfigurations = (
				DDD0B4F41674CBC0004D42D0 /* Debug */,
				DDD0B4F51674CBC0004D42D0 /* Release */,
			);
			defaultConfigurationIsVisible = 0;
		};
/* End XCConfigurationList section */
	};
	rootObject = DDD0B4C81674CBC0004D42D0 /* Project object */;
}
