// !$*UTF8*$!
{
	archiveVersion = 1;
	classes = {
	};
	objectVersion = 46;
	objects = {

/* Begin PBXBuildFile section */
		DD0E24561675D6D1002FB5C8 /* HFRRhythmStep.m in Sources */ = {isa = PBXBuildFile; fileRef = DD0E24551675D6D1002FB5C8 /* HFRRhythmStep.m */; };
		DD0E24591675D8E3002FB5C8 /* HFRRhythmChain.m in Sources */ = {isa = PBXBuildFile; fileRef = DD0E24581675D8E3002FB5C8 /* HFRRhythmChain.m */; };
		DDB20FE4167641F80063B9EB /* HFRMessagesView.m in Sources */ = {isa = PBXBuildFile; fileRef = DDB20FE3167641F80063B9EB /* HFRMessagesView.m */; };
		DDC11D3916764A7000D8521B /* MBProgressHUD.m in Sources */ = {isa = PBXBuildFile; fileRef = DDC11D3816764A7000D8521B /* MBProgressHUD.m */; };
		DDD0B4D41674CBC0004D42D0 /* UIKit.framework in Frameworks */ = {isa = PBXBuildFile; fileRef = DDD0B4D31674CBC0004D42D0 /* UIKit.framework */; };
		DDD0B4D61674CBC0004D42D0 /* Foundation.framework in Frameworks */ = {isa = PBXBuildFile; fileRef = DDD0B4D51674CBC0004D42D0 /* Foundation.framework */; };
		DDD0B4D81674CBC0004D42D0 /* CoreGraphics.framework in Frameworks */ = {isa = PBXBuildFile; fileRef = DDD0B4D71674CBC0004D42D0 /* CoreGraphics.framework */; };
		DDD0B4DE1674CBC0004D42D0 /* InfoPlist.strings in Resources */ = {isa = PBXBuildFile; fileRef = DDD0B4DC1674CBC0004D42D0 /* InfoPlist.strings */; };
		DDD0B4E01674CBC0004D42D0 /* main.m in Sources */ = {isa = PBXBuildFile; fileRef = DDD0B4DF1674CBC0004D42D0 /* main.m */; };
		DDD0B4E41674CBC0004D42D0 /* HFRAppDelegate.m in Sources */ = {isa = PBXBuildFile; fileRef = DDD0B4E31674CBC0004D42D0 /* HFRAppDelegate.m */; };
		DDD0B4E61674CBC0004D42D0 /* Default.png in Resources */ = {isa = PBXBuildFile; fileRef = DDD0B4E51674CBC0004D42D0 /* Default.png */; };
		DDD0B4E81674CBC0004D42D0 /* Default@2x.png in Resources */ = {isa = PBXBuildFile; fileRef = DDD0B4E71674CBC0004D42D0 /* Default@2x.png */; };
		DDD0B4EA1674CBC0004D42D0 /* Default-568h@2x.png in Resources */ = {isa = PBXBuildFile; fileRef = DDD0B4E91674CBC0004D42D0 /* Default-568h@2x.png */; };
		DDD0B4ED1674CBC0004D42D0 /* HFRViewController.m in Sources */ = {isa = PBXBuildFile; fileRef = DDD0B4EC1674CBC0004D42D0 /* HFRViewController.m */; };
		DDD0B4F01674CBC0004D42D0 /* HFRViewController.xib in Resources */ = {isa = PBXBuildFile; fileRef = DDD0B4EE1674CBC0004D42D0 /* HFRViewController.xib */; };
		DDD0B4FA1674CC86004D42D0 /* Common.m in Sources */ = {isa = PBXBuildFile; fileRef = DDD0B4F91674CC86004D42D0 /* Common.m */; };
		DDD0B4FD1674CD19004D42D0 /* HFRRectangleView.m in Sources */ = {isa = PBXBuildFile; fileRef = DDD0B4FC1674CD19004D42D0 /* HFRRectangleView.m */; };
		DDD0B50C1674D63B004D42D0 /* NSArray+Accessors.m in Sources */ = {isa = PBXBuildFile; fileRef = DDD0B5001674D63B004D42D0 /* NSArray+Accessors.m */; };
		DDD0B50D1674D63B004D42D0 /* NSDictionary+Rubyfy.m in Sources */ = {isa = PBXBuildFile; fileRef = DDD0B5021674D63B004D42D0 /* NSDictionary+Rubyfy.m */; };
		DDD0B50E1674D63B004D42D0 /* NSMutableArray+Rubyfy.m in Sources */ = {isa = PBXBuildFile; fileRef = DDD0B5041674D63B004D42D0 /* NSMutableArray+Rubyfy.m */; };
		DDD0B50F1674D63B004D42D0 /* NSNumber+Rubyfy.m in Sources */ = {isa = PBXBuildFile; fileRef = DDD0B5061674D63B004D42D0 /* NSNumber+Rubyfy.m */; };
		DDD0B5101674D63B004D42D0 /* NSSet+Accessors.m in Sources */ = {isa = PBXBuildFile; fileRef = DDD0B5081674D63B004D42D0 /* NSSet+Accessors.m */; };
		DDD0B5111674D63B004D42D0 /* NSString+Sweetner.m in Sources */ = {isa = PBXBuildFile; fileRef = DDD0B50A1674D63B004D42D0 /* NSString+Sweetner.m */; };
		DDD0B5141674E1E9004D42D0 /* PSYBlockTimer.m in Sources */ = {isa = PBXBuildFile; fileRef = DDD0B5131674E1E9004D42D0 /* PSYBlockTimer.m */; };
/* End PBXBuildFile section */

/* Begin PBXFileReference section */
		DD0E24541675D6D1002FB5C8 /* HFRRhythmStep.h */ = {isa = PBXFileReference; fileEncoding = 4; lastKnownFileType = sourcecode.c.h; path = HFRRhythmStep.h; sourceTree = "<group>"; };
		DD0E24551675D6D1002FB5C8 /* HFRRhythmStep.m */ = {isa = PBXFileReference; fileEncoding = 4; lastKnownFileType = sourcecode.c.objc; path = HFRRhythmStep.m; sourceTree = "<group>"; };
		DD0E24571675D8E3002FB5C8 /* HFRRhythmChain.h */ = {isa = PBXFileReference; fileEncoding = 4; lastKnownFileType = sourcecode.c.h; path = HFRRhythmChain.h; sourceTree = "<group>"; };
		DD0E24581675D8E3002FB5C8 /* HFRRhythmChain.m */ = {isa = PBXFileReference; fileEncoding = 4; lastKnownFileType = sourcecode.c.objc; path = HFRRhythmChain.m; sourceTree = "<group>"; };
		DDB20FE2167641F80063B9EB /* HFRMessagesView.h */ = {isa = PBXFileReference; fileEncoding = 4; lastKnownFileType = sourcecode.c.h; path = HFRMessagesView.h; sourceTree = "<group>"; };
		DDB20FE3167641F80063B9EB /* HFRMessagesView.m */ = {isa = PBXFileReference; fileEncoding = 4; lastKnownFileType = sourcecode.c.objc; path = HFRMessagesView.m; sourceTree = "<group>"; };
		DDC11D3716764A7000D8521B /* MBProgressHUD.h */ = {isa = PBXFileReference; fileEncoding = 4; lastKnownFileType = sourcecode.c.h; path = MBProgressHUD.h; sourceTree = "<group>"; };
		DDC11D3816764A7000D8521B /* MBProgressHUD.m */ = {isa = PBXFileReference; fileEncoding = 4; lastKnownFileType = sourcecode.c.objc; path = MBProgressHUD.m; sourceTree = "<group>"; };
		DDD0B4D01674CBC0004D42D0 /* RhythmTap.app */ = {isa = PBXFileReference; explicitFileType = wrapper.application; includeInIndex = 0; path = RhythmTap.app; sourceTree = BUILT_PRODUCTS_DIR; };
		DDD0B4D31674CBC0004D42D0 /* UIKit.framework */ = {isa = PBXFileReference; lastKnownFileType = wrapper.framework; name = UIKit.framework; path = System/Library/Frameworks/UIKit.framework; sourceTree = SDKROOT; };
		DDD0B4D51674CBC0004D42D0 /* Foundation.framework */ = {isa = PBXFileReference; lastKnownFileType = wrapper.framework; name = Foundation.framework; path = System/Library/Frameworks/Foundation.framework; sourceTree = SDKROOT; };
		DDD0B4D71674CBC0004D42D0 /* CoreGraphics.framework */ = {isa = PBXFileReference; lastKnownFileType = wrapper.framework; name = CoreGraphics.framework; path = System/Library/Frameworks/CoreGraphics.framework; sourceTree = SDKROOT; };
		DDD0B4DB1674CBC0004D42D0 /* RhythmTap-Info.plist */ = {isa = PBXFileReference; lastKnownFileType = text.plist.xml; path = "RhythmTap-Info.plist"; sourceTree = "<group>"; };
		DDD0B4DD1674CBC0004D42D0 /* en */ = {isa = PBXFileReference; lastKnownFileType = text.plist.strings; name = en; path = en.lproj/InfoPlist.strings; sourceTree = "<group>"; };
		DDD0B4DF1674CBC0004D42D0 /* main.m */ = {isa = PBXFileReference; lastKnownFileType = sourcecode.c.objc; path = main.m; sourceTree = "<group>"; };
		DDD0B4E11674CBC0004D42D0 /* RhythmTap-Prefix.pch */ = {isa = PBXFileReference; lastKnownFileType = sourcecode.c.h; path = "RhythmTap-Prefix.pch"; sourceTree = "<group>"; };
		DDD0B4E21674CBC0004D42D0 /* HFRAppDelegate.h */ = {isa = PBXFileReference; lastKnownFileType = sourcecode.c.h; path = HFRAppDelegate.h; sourceTree = "<group>"; };
		DDD0B4E31674CBC0004D42D0 /* HFRAppDelegate.m */ = {isa = PBXFileReference; lastKnownFileType = sourcecode.c.objc; path = HFRAppDelegate.m; sourceTree = "<group>"; };
		DDD0B4E51674CBC0004D42D0 /* Default.png */ = {isa = PBXFileReference; lastKnownFileType = image.png; path = Default.png; sourceTree = "<group>"; };
		DDD0B4E71674CBC0004D42D0 /* Default@2x.png */ = {isa = PBXFileReference; lastKnownFileType = image.png; path = "Default@2x.png"; sourceTree = "<group>"; };
		DDD0B4E91674CBC0004D42D0 /* Default-568h@2x.png */ = {isa = PBXFileReference; lastKnownFileType = image.png; path = "Default-568h@2x.png"; sourceTree = "<group>"; };
		DDD0B4EB1674CBC0004D42D0 /* HFRViewController.h */ = {isa = PBXFileReference; lastKnownFileType = sourcecode.c.h; path = HFRViewController.h; sourceTree = "<group>"; };
		DDD0B4EC1674CBC0004D42D0 /* HFRViewController.m */ = {isa = PBXFileReference; lastKnownFileType = sourcecode.c.objc; path = HFRViewController.m; sourceTree = "<group>"; };
		DDD0B4EF1674CBC0004D42D0 /* en */ = {isa = PBXFileReference; lastKnownFileType = file.xib; name = en; path = en.lproj/HFRViewController.xib; sourceTree = "<group>"; };
		DDD0B4F81674CC86004D42D0 /* Common.h */ = {isa = PBXFileReference; fileEncoding = 4; lastKnownFileType = sourcecode.c.h; path = Common.h; sourceTree = "<group>"; };
		DDD0B4F91674CC86004D42D0 /* Common.m */ = {isa = PBXFileReference; fileEncoding = 4; lastKnownFileType = sourcecode.c.objc; path = Common.m; sourceTree = "<group>"; };
		DDD0B4FB1674CD19004D42D0 /* HFRRectangleView.h */ = {isa = PBXFileReference; fileEncoding = 4; lastKnownFileType = sourcecode.c.h; path = HFRRectangleView.h; sourceTree = "<group>"; };
		DDD0B4FC1674CD19004D42D0 /* HFRRectangleView.m */ = {isa = PBXFileReference; fileEncoding = 4; lastKnownFileType = sourcecode.c.objc; path = HFRRectangleView.m; sourceTree = "<group>"; };
		DDD0B4FF1674D63B004D42D0 /* NSArray+Accessors.h */ = {isa = PBXFileReference; fileEncoding = 4; lastKnownFileType = sourcecode.c.h; path = "NSArray+Accessors.h"; sourceTree = "<group>"; };
		DDD0B5001674D63B004D42D0 /* NSArray+Accessors.m */ = {isa = PBXFileReference; fileEncoding = 4; lastKnownFileType = sourcecode.c.objc; path = "NSArray+Accessors.m"; sourceTree = "<group>"; };
		DDD0B5011674D63B004D42D0 /* NSDictionary+Rubyfy.h */ = {isa = PBXFileReference; fileEncoding = 4; lastKnownFileType = sourcecode.c.h; path = "NSDictionary+Rubyfy.h"; sourceTree = "<group>"; };
		DDD0B5021674D63B004D42D0 /* NSDictionary+Rubyfy.m */ = {isa = PBXFileReference; fileEncoding = 4; lastKnownFileType = sourcecode.c.objc; path = "NSDictionary+Rubyfy.m"; sourceTree = "<group>"; };
		DDD0B5031674D63B004D42D0 /* NSMutableArray+Rubyfy.h */ = {isa = PBXFileReference; fileEncoding = 4; lastKnownFileType = sourcecode.c.h; path = "NSMutableArray+Rubyfy.h"; sourceTree = "<group>"; };
		DDD0B5041674D63B004D42D0 /* NSMutableArray+Rubyfy.m */ = {isa = PBXFileReference; fileEncoding = 4; lastKnownFileType = sourcecode.c.objc; path = "NSMutableArray+Rubyfy.m"; sourceTree = "<group>"; };
		DDD0B5051674D63B004D42D0 /* NSNumber+Rubyfy.h */ = {isa = PBXFileReference; fileEncoding = 4; lastKnownFileType = sourcecode.c.h; path = "NSNumber+Rubyfy.h"; sourceTree = "<group>"; };
		DDD0B5061674D63B004D42D0 /* NSNumber+Rubyfy.m */ = {isa = PBXFileReference; fileEncoding = 4; lastKnownFileType = sourcecode.c.objc; path = "NSNumber+Rubyfy.m"; sourceTree = "<group>"; };
		DDD0B5071674D63B004D42D0 /* NSSet+Accessors.h */ = {isa = PBXFileReference; fileEncoding = 4; lastKnownFileType = sourcecode.c.h; path = "NSSet+Accessors.h"; sourceTree = "<group>"; };
		DDD0B5081674D63B004D42D0 /* NSSet+Accessors.m */ = {isa = PBXFileReference; fileEncoding = 4; lastKnownFileType = sourcecode.c.objc; path = "NSSet+Accessors.m"; sourceTree = "<group>"; };
		DDD0B5091674D63B004D42D0 /* NSString+Sweetner.h */ = {isa = PBXFileReference; fileEncoding = 4; lastKnownFileType = sourcecode.c.h; path = "NSString+Sweetner.h"; sourceTree = "<group>"; };
		DDD0B50A1674D63B004D42D0 /* NSString+Sweetner.m */ = {isa = PBXFileReference; fileEncoding = 4; lastKnownFileType = sourcecode.c.objc; path = "NSString+Sweetner.m"; sourceTree = "<group>"; };
		DDD0B50B1674D63B004D42D0 /* ObjectiveSugar.h */ = {isa = PBXFileReference; fileEncoding = 4; lastKnownFileType = sourcecode.c.h; path = ObjectiveSugar.h; sourceTree = "<group>"; };
		DDD0B5121674E1DC004D42D0 /* PSYBlockTimer.h */ = {isa = PBXFileReference; fileEncoding = 4; lastKnownFileType = sourcecode.c.h; path = PSYBlockTimer.h; sourceTree = "<group>"; };
		DDD0B5131674E1E9004D42D0 /* PSYBlockTimer.m */ = {isa = PBXFileReference; fileEncoding = 4; lastKnownFileType = sourcecode.c.objc; path = PSYBlockTimer.m; sourceTree = "<group>"; };
/* End PBXFileReference section */

/* Begin PBXFrameworksBuildPhase section */
		DDD0B4CD1674CBC0004D42D0 /* Frameworks */ = {
			isa = PBXFrameworksBuildPhase;
			buildActionMask = 2147483647;
			files = (
				DDD0B4D41674CBC0004D42D0 /* UIKit.framework in Frameworks */,
				DDD0B4D61674CBC0004D42D0 /* Foundation.framework in Frameworks */,
				DDD0B4D81674CBC0004D42D0 /* CoreGraphics.framework in Frameworks */,
			);
			runOnlyForDeploymentPostprocessing = 0;
		};
/* End PBXFrameworksBuildPhase section */

/* Begin PBXGroup section */
		DDB20FE0167641A80063B9EB /* RhythmGroup */ = {
			isa = PBXGroup;
			children = (
				DD0E24541675D6D1002FB5C8 /* HFRRhythmStep.h */,
				DD0E24551675D6D1002FB5C8 /* HFRRhythmStep.m */,
				DD0E24571675D8E3002FB5C8 /* HFRRhythmChain.h */,
				DD0E24581675D8E3002FB5C8 /* HFRRhythmChain.m */,
			);
			name = RhythmGroup;
			sourceTree = "<group>";
		};
		DDB20FE1167641BA0063B9EB /* 3rd Party */ = {
			isa = PBXGroup;
			children = (
				DDC11D3716764A7000D8521B /* MBProgressHUD.h */,
				DDC11D3816764A7000D8521B /* MBProgressHUD.m */,
				DDD0B5121674E1DC004D42D0 /* PSYBlockTimer.h */,
				DDD0B5131674E1E9004D42D0 /* PSYBlockTimer.m */,
			);
			name = "3rd Party";
			sourceTree = "<group>";
		};
		DDB20FE51676424E0063B9EB /* Drawing */ = {
			isa = PBXGroup;
			children = (
				DDB20FE2167641F80063B9EB /* HFRMessagesView.h */,
				DDB20FE3167641F80063B9EB /* HFRMessagesView.m */,
				DDD0B4F81674CC86004D42D0 /* Common.h */,
				DDD0B4F91674CC86004D42D0 /* Common.m */,
				DDD0B4FB1674CD19004D42D0 /* HFRRectangleView.h */,
				DDD0B4FC1674CD19004D42D0 /* HFRRectangleView.m */,
			);
			name = Drawing;
			sourceTree = "<group>";
		};
		DDD0B4C71674CBC0004D42D0 = {
			isa = PBXGroup;
			children = (
				DDD0B4D91674CBC0004D42D0 /* RhythmTap */,
				DDD0B4D21674CBC0004D42D0 /* Frameworks */,
				DDD0B4D11674CBC0004D42D0 /* Products */,
			);
			sourceTree = "<group>";
		};
		DDD0B4D11674CBC0004D42D0 /* Products */ = {
			isa = PBXGroup;
			children = (
				DDD0B4D01674CBC0004D42D0 /* RhythmTap.app */,
			);
			name = Products;
			sourceTree = "<group>";
		};
		DDD0B4D21674CBC0004D42D0 /* Frameworks */ = {
			isa = PBXGroup;
			children = (
				DDD0B4D31674CBC0004D42D0 /* UIKit.framework */,
				DDD0B4D51674CBC0004D42D0 /* Foundation.framework */,
				DDD0B4D71674CBC0004D42D0 /* CoreGraphics.framework */,
			);
			name = Frameworks;
			sourceTree = "<group>";
		};
		DDD0B4D91674CBC0004D42D0 /* RhythmTap */ = {
			isa = PBXGroup;
			children = (
				DDB20FE1167641BA0063B9EB /* 3rd Party */,
				DDD0B4FE1674D63B004D42D0 /* ObjectiveSugar */,
				DDB20FE0167641A80063B9EB /* RhythmGroup */,
				DDB20FE51676424E0063B9EB /* Drawing */,
				DDD0B4E21674CBC0004D42D0 /* HFRAppDelegate.h */,
				DDD0B4E31674CBC0004D42D0 /* HFRAppDelegate.m */,
				DDD0B4EB1674CBC0004D42D0 /* HFRViewController.h */,
				DDD0B4EC1674CBC0004D42D0 /* HFRViewController.m */,
				DDD0B4EE1674CBC0004D42D0 /* HFRViewController.xib */,
				DDD0B4DA1674CBC0004D42D0 /* Supporting Files */,
			);
			name = RhythmTap;
			path = RythmTap;
			sourceTree = "<group>";
		};
		DDD0B4DA1674CBC0004D42D0 /* Supporting Files */ = {
			isa = PBXGroup;
			children = (
				DDD0B4DB1674CBC0004D42D0 /* RhythmTap-Info.plist */,
				DDD0B4DC1674CBC0004D42D0 /* InfoPlist.strings */,
				DDD0B4DF1674CBC0004D42D0 /* main.m */,
				DDD0B4E11674CBC0004D42D0 /* RhythmTap-Prefix.pch */,
				DDD0B4E51674CBC0004D42D0 /* Default.png */,
				DDD0B4E71674CBC0004D42D0 /* Default@2x.png */,
				DDD0B4E91674CBC0004D42D0 /* Default-568h@2x.png */,
			);
			name = "Supporting Files";
			sourceTree = "<group>";
		};
		DDD0B4FE1674D63B004D42D0 /* ObjectiveSugar */ = {
			isa = PBXGroup;
			children = (
				DDD0B4FF1674D63B004D42D0 /* NSArray+Accessors.h */,
				DDD0B5001674D63B004D42D0 /* NSArray+Accessors.m */,
				DDD0B5011674D63B004D42D0 /* NSDictionary+Rubyfy.h */,
				DDD0B5021674D63B004D42D0 /* NSDictionary+Rubyfy.m */,
				DDD0B5031674D63B004D42D0 /* NSMutableArray+Rubyfy.h */,
				DDD0B5041674D63B004D42D0 /* NSMutableArray+Rubyfy.m */,
				DDD0B5051674D63B004D42D0 /* NSNumber+Rubyfy.h */,
				DDD0B5061674D63B004D42D0 /* NSNumber+Rubyfy.m */,
				DDD0B5071674D63B004D42D0 /* NSSet+Accessors.h */,
				DDD0B5081674D63B004D42D0 /* NSSet+Accessors.m */,
				DDD0B5091674D63B004D42D0 /* NSString+Sweetner.h */,
				DDD0B50A1674D63B004D42D0 /* NSString+Sweetner.m */,
				DDD0B50B1674D63B004D42D0 /* ObjectiveSugar.h */,
			);
			name = ObjectiveSugar;
			path = src;
			sourceTree = "<group>";
		};
/* End PBXGroup section */

/* Begin PBXNativeTarget section */
		DDD0B4CF1674CBC0004D42D0 /* RhythmTap */ = {
			isa = PBXNativeTarget;
			buildConfigurationList = DDD0B4F31674CBC0004D42D0 /* Build configuration list for PBXNativeTarget "RhythmTap" */;
			buildPhases = (
				DDD0B4CC1674CBC0004D42D0 /* Sources */,
				DDD0B4CD1674CBC0004D42D0 /* Frameworks */,
				DDD0B4CE1674CBC0004D42D0 /* Resources */,
				DDD0B4F61674CC07004D42D0 /* ShellScript */,
			);
			buildRules = (
			);
			dependencies = (
			);
			name = RhythmTap;
			productName = RythmTap;
			productReference = DDD0B4D01674CBC0004D42D0 /* RhythmTap.app */;
			productType = "com.apple.product-type.application";
		};
/* End PBXNativeTarget section */

/* Begin PBXProject section */
		DDD0B4C81674CBC0004D42D0 /* Project object */ = {
			isa = PBXProject;
			attributes = {
				CLASSPREFIX = HFR;
				LastUpgradeCheck = 0460;
				ORGANIZATIONNAME = "Holger Frohloff";
			};
			buildConfigurationList = DDD0B4CB1674CBC0004D42D0 /* Build configuration list for PBXProject "RhythmTap" */;
			compatibilityVersion = "Xcode 3.2";
			developmentRegion = English;
			hasScannedForEncodings = 0;
			knownRegions = (
				en,
			);
			mainGroup = DDD0B4C71674CBC0004D42D0;
			productRefGroup = DDD0B4D11674CBC0004D42D0 /* Products */;
			projectDirPath = "";
			projectRoot = "";
			targets = (
				DDD0B4CF1674CBC0004D42D0 /* RhythmTap */,
			);
		};
/* End PBXProject section */

/* Begin PBXResourcesBuildPhase section */
		DDD0B4CE1674CBC0004D42D0 /* Resources */ = {
			isa = PBXResourcesBuildPhase;
			buildActionMask = 2147483647;
			files = (
				DDD0B4DE1674CBC0004D42D0 /* InfoPlist.strings in Resources */,
				DDD0B4E61674CBC0004D42D0 /* Default.png in Resources */,
				DDD0B4E81674CBC0004D42D0 /* Default@2x.png in Resources */,
				DDD0B4EA1674CBC0004D42D0 /* Default-568h@2x.png in Resources */,
				DDD0B4F01674CBC0004D42D0 /* HFRViewController.xib in Resources */,
			);
			runOnlyForDeploymentPostprocessing = 0;
		};
/* End PBXResourcesBuildPhase section */

/* Begin PBXShellScriptBuildPhase section */
		DDD0B4F61674CC07004D42D0 /* ShellScript */ = {
			isa = PBXShellScriptBuildPhase;
			buildActionMask = 2147483647;
			files = (
			);
			inputPaths = (
			);
			outputPaths = (
			);
			runOnlyForDeploymentPostprocessing = 0;
			shellPath = /usr/bin/ruby;
			shellScript = "def get_file_as_string(filename)\ndata = ''\nf = File.open(filename, \"r\")\nf.each_line do |line|\ndata += line\nend\nreturn data\nend\n\n\ndef handle_alpha_beta(old_value, letter, infoplist, start_of_value, end_of_value)\nparts = old_value.split(letter)\nversion_num = parts[0]\nalpha_num = parts[1].to_i\n\nalpha_num = alpha_num + 1\nnew_version = version_num.to_s + letter + alpha_num.to_s\nprint \"Assigning new version: \" + new_version + \"\\n\"\nnew_key = \"<string>#{new_version}</string>\"\n\npart_1 = infoplist[0, start_of_value - '<string>'.length];\npart_2 = new_key\npart_3 = infoplist[end_of_value + \"</string>\".length, infoplist.length - (end_of_value - start_of_value + (new_key.length - 1))]\n\nnew_info_plist = part_1 + part_2 + part_3\nnew_info_plist\nend\n\ndef find_and_increment_version_number_with_key(key, infoplist)\n\nstart_of_key = infoplist.index(key)\nstart_of_value = infoplist.index(\"<string>\", start_of_key) + \"<string>\".length\nend_of_value = infoplist.index(\"</string>\", start_of_value)\nold_value = infoplist[start_of_value, end_of_value - start_of_value]\n\nprint \"Old version for \" + key + \": \" + old_value + \"\\n\"\nprint old_value.class.to_s + \"\\n\"\nold_value_int = old_value.to_i\nprint old_value_int.class.to_s + \"\\n\"\nif (old_value.index(\"a\") != nil) # alpha\ninfoplist = handle_alpha_beta(old_value, \"a\", infoplist, start_of_value, end_of_value)\nelsif (old_value.index(\"b\") != nil) # beta\ninfoplist = handle_alpha_beta(old_value, \"b\", infoplist, start_of_value, end_of_value)\nelsif (old_value.index(\".\") != nil) # release dot version\nparts = old_value.split(\".\")\nlast_part = parts.last.to_i\nlast_part = last_part + 1\nparts.delete(parts.last)\n\nnew_version = \"\"\nfirst = true\nparts.each do |one_part|\nif (first)\nfirst = false\nelse\nnew_version = new_version + \".\"\nend\nnew_version = new_version + one_part\nend\nnew_version = new_version.to_s + \".\" + last_part.to_s\nprint \"New version: \" + new_version.to_s + \"\\n\"\nnew_key = \"<string>#{new_version}</string>\"\ninfoplist = \"#{infoplist[0, start_of_value - '<string>'.length]}#{new_key}#{infoplist[end_of_value + '</string>'.length, infoplist.length - (end_of_value+1)]}\"\nelsif (old_value.to_i != nil) # straight integer build number\nnew_version = old_value.to_i + 1\nprint \"New version: \" + new_version.to_s + \"\\n\"\nnew_key = \"<string>#{new_version}</string>\"\n\npart_1 = infoplist[0, start_of_value - '<string>'.length]\npart_2 = new_key\npart_3 = infoplist[end_of_value + \"</string>\".length, infoplist.length - (end_of_value+1)]\ninfoplist = part_1 + part_2 + part_3\nend\ninfoplist\nend\n\n\n\nconfig = ENV['CONFIGURATION'].upcase\nconfig_build_dir = ENV['CONFIGURATION_BUILD_DIR']\n\narchive_action = false\nif (config_build_dir.include?(\"ArchiveIntermediates\"))\narchive_action = true\nend\n\nprint \"Archive: \" + archive_action.to_s + \"\\n\"\n\n\nprint config\n\nif (config == \"RELEASE\")\nprint \" incrementing build numbers\\n\"\nproject_dir = ENV['PROJECT_DIR']\ninfoplist_file = ENV['INFOPLIST_FILE']\nplist_filename = \"#{project_dir}/#{infoplist_file}\"\n\ninfoplist = get_file_as_string(plist_filename)\ninfoplist = find_and_increment_version_number_with_key(\"CFBundleVersion\", infoplist)\nif (archive_action)\ninfoplist = find_and_increment_version_number_with_key(\"CFBundleShortVersionString\", infoplist)\nend\nFile.open(plist_filename, 'w') {|f| f.write(infoplist) }\nelse\nprint \" not incrementing build numbers\"\nend";
		};
/* End PBXShellScriptBuildPhase section */

/* Begin PBXSourcesBuildPhase section */
		DDD0B4CC1674CBC0004D42D0 /* Sources */ = {
			isa = PBXSourcesBuildPhase;
			buildActionMask = 2147483647;
			files = (
				DDD0B4E01674CBC0004D42D0 /* main.m in Sources */,
				DDD0B4E41674CBC0004D42D0 /* HFRAppDelegate.m in Sources */,
				DDD0B4ED1674CBC0004D42D0 /* HFRViewController.m in Sources */,
				DDD0B4FA1674CC86004D42D0 /* Common.m in Sources */,
				DDD0B4FD1674CD19004D42D0 /* HFRRectangleView.m in Sources */,
				DDD0B50C1674D63B004D42D0 /* NSArray+Accessors.m in Sources */,
				DDD0B50D1674D63B004D42D0 /* NSDictionary+Rubyfy.m in Sources */,
				DDD0B50E1674D63B004D42D0 /* NSMutableArray+Rubyfy.m in Sources */,
				DDD0B50F1674D63B004D42D0 /* NSNumber+Rubyfy.m in Sources */,
				DDD0B5101674D63B004D42D0 /* NSSet+Accessors.m in Sources */,
				DDD0B5111674D63B004D42D0 /* NSString+Sweetner.m in Sources */,
				DDD0B5141674E1E9004D42D0 /* PSYBlockTimer.m in Sources */,
				DD0E24561675D6D1002FB5C8 /* HFRRhythmStep.m in Sources */,
				DD0E24591675D8E3002FB5C8 /* HFRRhythmChain.m in Sources */,
				DDB20FE4167641F80063B9EB /* HFRMessagesView.m in Sources */,
				DDC11D3916764A7000D8521B /* MBProgressHUD.m in Sources */,
			);
			runOnlyForDeploymentPostprocessing = 0;
		};
/* End PBXSourcesBuildPhase section */

/* Begin PBXVariantGroup section */
		DDD0B4DC1674CBC0004D42D0 /* InfoPlist.strings */ = {
			isa = PBXVariantGroup;
			children = (
				DDD0B4DD1674CBC0004D42D0 /* en */,
			);
			name = InfoPlist.strings;
			sourceTree = "<group>";
		};
		DDD0B4EE1674CBC0004D42D0 /* HFRViewController.xib */ = {
			isa = PBXVariantGroup;
			children = (
				DDD0B4EF1674CBC0004D42D0 /* en */,
			);
			name = HFRViewController.xib;
			sourceTree = "<group>";
		};
/* End PBXVariantGroup section */

/* Begin XCBuildConfiguration section */
		DDD0B4F11674CBC0004D42D0 /* Debug */ = {
			isa = XCBuildConfiguration;
			buildSettings = {
				ALWAYS_SEARCH_USER_PATHS = NO;
				CLANG_CXX_LANGUAGE_STANDARD = "gnu++0x";
				CLANG_CXX_LIBRARY = "libc++";
				CLANG_ENABLE_OBJC_ARC = YES;
				CLANG_WARN_CONSTANT_CONVERSION = YES;
				CLANG_WARN_DEPRECATED_OBJC_IMPLEMENTATIONS = YES;
				CLANG_WARN_EMPTY_BODY = YES;
				CLANG_WARN_INT_CONVERSION = YES;
				CLANG_WARN__DUPLICATE_METHOD_MATCH = YES;
				CODE_SIGN_IDENTITY = "iPhone Developer: Holger Frohloff (L6BK925UDM)";
				"CODE_SIGN_IDENTITY[sdk=iphoneos*]" = "iPhone Developer: Holger Frohloff (8KNNR348KB)";
				COPY_PHASE_STRIP = NO;
				GCC_C_LANGUAGE_STANDARD = gnu99;
				GCC_DYNAMIC_NO_PIC = NO;
				GCC_OPTIMIZATION_LEVEL = 0;
				GCC_PREPROCESSOR_DEFINITIONS = (
					"DEBUG=1",
					"$(inherited)",
				);
				GCC_STRICT_ALIASING = YES;
				GCC_SYMBOLS_PRIVATE_EXTERN = NO;
				GCC_VERSION = com.apple.compilers.llvm.clang.1_0;
				GCC_WARN_ABOUT_RETURN_TYPE = YES;
				GCC_WARN_UNINITIALIZED_AUTOS = YES;
				GCC_WARN_UNUSED_VARIABLE = YES;
				IPHONEOS_DEPLOYMENT_TARGET = 6.0;
				ONLY_ACTIVE_ARCH = NO;
				PROVISIONING_PROFILE = "6CAB5D6E-FF8F-46FB-A551-689D79E1A12E";
				"PROVISIONING_PROFILE[sdk=iphoneos*]" = "22142E0E-A24F-40A4-B020-236A2D93D551";
				SDKROOT = iphoneos;
			};
			name = Debug;
		};
		DDD0B4F21674CBC0004D42D0 /* Release */ = {
			isa = XCBuildConfiguration;
			buildSettings = {
				ALWAYS_SEARCH_USER_PATHS = NO;
				CLANG_CXX_LANGUAGE_STANDARD = "gnu++0x";
				CLANG_CXX_LIBRARY = "libc++";
				CLANG_ENABLE_OBJC_ARC = YES;
				CLANG_WARN_CONSTANT_CONVERSION = YES;
				CLANG_WARN_DEPRECATED_OBJC_IMPLEMENTATIONS = YES;
				CLANG_WARN_EMPTY_BODY = YES;
				CLANG_WARN_INT_CONVERSION = YES;
				CLANG_WARN__DUPLICATE_METHOD_MATCH = YES;
				CODE_SIGN_IDENTITY = "iPhone Developer: Holger Frohloff (L6BK925UDM)";
				"CODE_SIGN_IDENTITY[sdk=iphoneos*]" = "iPhone Developer";
				COPY_PHASE_STRIP = YES;
				GCC_C_LANGUAGE_STANDARD = gnu99;
				GCC_STRICT_ALIASING = YES;
				GCC_VERSION = com.apple.compilers.llvm.clang.1_0;
				GCC_WARN_ABOUT_RETURN_TYPE = YES;
				GCC_WARN_UNINITIALIZED_AUTOS = YES;
				GCC_WARN_UNUSED_VARIABLE = YES;
				IPHONEOS_DEPLOYMENT_TARGET = 6.0;
				OTHER_CFLAGS = "-DNS_BLOCK_ASSERTIONS=1";
				PROVISIONING_PROFILE = "6CAB5D6E-FF8F-46FB-A551-689D79E1A12E";
				SDKROOT = iphoneos;
				VALIDATE_PRODUCT = YES;
			};
			name = Release;
		};
		DDD0B4F41674CBC0004D42D0 /* Debug */ = {
			isa = XCBuildConfiguration;
			buildSettings = {
				GCC_PRECOMPILE_PREFIX_HEADER = YES;
				GCC_PREFIX_HEADER = "RythmTap/RhythmTap-Prefix.pch";
				INFOPLIST_FILE = "RythmTap/RhythmTap-Info.plist";
				PRODUCT_NAME = RhythmTap;
				WRAPPER_EXTENSION = app;
			};
			name = Debug;
		};
		DDD0B4F51674CBC0004D42D0 /* Release */ = {
			isa = XCBuildConfiguration;
			buildSettings = {
				GCC_PRECOMPILE_PREFIX_HEADER = YES;
				GCC_PREFIX_HEADER = "RythmTap/RhythmTap-Prefix.pch";
				INFOPLIST_FILE = "RythmTap/RhythmTap-Info.plist";
				PRODUCT_NAME = RhythmTap;
				WRAPPER_EXTENSION = app;
			};
			name = Release;
		};
/* End XCBuildConfiguration section */

/* Begin XCConfigurationList section */
		DDD0B4CB1674CBC0004D42D0 /* Build configuration list for PBXProject "RhythmTap" */ = {
			isa = XCConfigurationList;
			buildConfigurations = (
				DDD0B4F11674CBC0004D42D0 /* Debug */,
				DDD0B4F21674CBC0004D42D0 /* Release */,
			);
			defaultConfigurationIsVisible = 0;
			defaultConfigurationName = Release;
		};
		DDD0B4F31674CBC0004D42D0 /* Build configuration list for PBXNativeTarget "RhythmTap" */ = {
			isa = XCConfigurationList;
			buildConfigurations = (
				DDD0B4F41674CBC0004D42D0 /* Debug */,
				DDD0B4F51674CBC0004D42D0 /* Release */,
			);
			defaultConfigurationIsVisible = 0;
			defaultConfigurationName = Release;
		};
/* End XCConfigurationList section */
	};
	rootObject = DDD0B4C81674CBC0004D42D0 /* Project object */;
}
